
Microsoft Visual Studio Solution File, Format Version 12.00
# Visual Studio Version 16
VisualStudioVersion = 16.0.30611.23
MinimumVisualStudioVersion = 10.0.40219.1
Project("{9A19103F-16F7-4668-BE54-9A1E7A4F7556}") = "AdventOfCodeDay1", "AdventOfCodeDay1\AdventOfCodeDay1.csproj", "{3395179B-030B-48EC-AE41-932E4CD5B2A3}"
EndProject
Project("{9A19103F-16F7-4668-BE54-9A1E7A4F7556}") = "Day2", "Day2\Day2.csproj", "{9BD11685-016F-48CE-9196-EC6928B1FACE}"
EndProject
Project("{9A19103F-16F7-4668-BE54-9A1E7A4F7556}") = "Day3", "Day3\Day3.csproj", "{FD60709A-33CD-4929-9006-422D1240D68F}"
EndProject
Project("{9A19103F-16F7-4668-BE54-9A1E7A4F7556}") = "Day4", "Day4\Day4.csproj", "{D78B5316-CDC0-4588-AC89-0A3E32F13799}"
EndProject
Project("{FAE04EC0-301F-11D3-BF4B-00C04F79EFBC}") = "Day5", "Day5\Day5.csproj", "{1177263B-F663-45F1-BADF-BE491592EAA9}"
EndProject
Global
	GlobalSection(SolutionConfigurationPlatforms) = preSolution
		Debug|Any CPU = Debug|Any CPU
		Release|Any CPU = Release|Any CPU
	EndGlobalSection
	GlobalSection(ProjectConfigurationPlatforms) = postSolution
		{3395179B-030B-48EC-AE41-932E4CD5B2A3}.Debug|Any CPU.ActiveCfg = Debug|Any CPU
		{3395179B-030B-48EC-AE41-932E4CD5B2A3}.Debug|Any CPU.Build.0 = Debug|Any CPU
		{3395179B-030B-48EC-AE41-932E4CD5B2A3}.Release|Any CPU.ActiveCfg = Release|Any CPU
		{3395179B-030B-48EC-AE41-932E4CD5B2A3}.Release|Any CPU.Build.0 = Release|Any CPU
		{9BD11685-016F-48CE-9196-EC6928B1FACE}.Debug|Any CPU.ActiveCfg = Debug|Any CPU
		{9BD11685-016F-48CE-9196-EC6928B1FACE}.Debug|Any CPU.Build.0 = Debug|Any CPU
		{9BD11685-016F-48CE-9196-EC6928B1FACE}.Release|Any CPU.ActiveCfg = Release|Any CPU
		{9BD11685-016F-48CE-9196-EC6928B1FACE}.Release|Any CPU.Build.0 = Release|Any CPU
		{FD60709A-33CD-4929-9006-422D1240D68F}.Debug|Any CPU.ActiveCfg = Debug|Any CPU
		{FD60709A-33CD-4929-9006-422D1240D68F}.Debug|Any CPU.Build.0 = Debug|Any CPU
		{FD60709A-33CD-4929-9006-422D1240D68F}.Release|Any CPU.ActiveCfg = Release|Any CPU
		{FD60709A-33CD-4929-9006-422D1240D68F}.Release|Any CPU.Build.0 = Release|Any CPU
		{D78B5316-CDC0-4588-AC89-0A3E32F13799}.Debug|Any CPU.ActiveCfg = Debug|Any CPU
		{D78B5316-CDC0-4588-AC89-0A3E32F13799}.Debug|Any CPU.Build.0 = Debug|Any CPU
		{D78B5316-CDC0-4588-AC89-0A3E32F13799}.Release|Any CPU.ActiveCfg = Release|Any CPU
		{D78B5316-CDC0-4588-AC89-0A3E32F13799}.Release|Any CPU.Build.0 = Release|Any CPU
		{1177263B-F663-45F1-BADF-BE491592EAA9}.Debug|Any CPU.ActiveCfg = Debug|Any CPU
		{1177263B-F663-45F1-BADF-BE491592EAA9}.Debug|Any CPU.Build.0 = Debug|Any CPU
		{1177263B-F663-45F1-BADF-BE491592EAA9}.Release|Any CPU.ActiveCfg = Release|Any CPU
		{1177263B-F663-45F1-BADF-BE491592EAA9}.Release|Any CPU.Build.0 = Release|Any CPU
	EndGlobalSection
	GlobalSection(SolutionProperties) = preSolution
		HideSolutionNode = FALSE
	EndGlobalSection
	GlobalSection(ExtensibilityGlobals) = postSolution
		SolutionGuid = {E4C5792D-4D41-472E-9B6D-0F74E5B3017E}
	EndGlobalSection
EndGlobal
